NeoBundleLock dbext.vim 860e4a84ac108c2271d30c7aa7010376acf2a832
NeoBundleLock gundo.vim 860e4a84ac108c2271d30c7aa7010376acf2a832
NeoBundleLock html5.vim 860e4a84ac108c2271d30c7aa7010376acf2a832
NeoBundleLock jellybeans.vim 860e4a84ac108c2271d30c7aa7010376acf2a832
NeoBundleLock molokai 860e4a84ac108c2271d30c7aa7010376acf2a832
NeoBundleLock neobundle.vim cf8107e036e8c2d513afc2e12333dfb09c1fcc2e
NeoBundleLock neocomplcache 860e4a84ac108c2271d30c7aa7010376acf2a832
NeoBundleLock neosnippet 860e4a84ac108c2271d30c7aa7010376acf2a832
NeoBundleLock nerdtree b4efb26ecd753407ab045ae8625cfdeeada6d2f0
NeoBundleLock rails.vim 860e4a84ac108c2271d30c7aa7010376acf2a832
NeoBundleLock ruby-matchit 860e4a84ac108c2271d30c7aa7010376acf2a832
NeoBundleLock syntastic 860e4a84ac108c2271d30c7aa7010376acf2a832
NeoBundleLock twilight 860e4a84ac108c2271d30c7aa7010376acf2a832
NeoBundleLock unite-rails 860e4a84ac108c2271d30c7aa7010376acf2a832
NeoBundleLock unite-rake 860e4a84ac108c2271d30c7aa7010376acf2a832
NeoBundleLock unite.vim 860e4a84ac108c2271d30c7aa7010376acf2a832
NeoBundleLock vim-coffee-script 860e4a84ac108c2271d30c7aa7010376acf2a832
NeoBundleLock vim-css3-syntax 860e4a84ac108c2271d30c7aa7010376acf2a832
NeoBundleLock vim-hybrid 860e4a84ac108c2271d30c7aa7010376acf2a832
NeoBundleLock vim-javascript 8a409f7fd89de746296a92218183dc69fb6e3d93
NeoBundleLock vim-lucius 860e4a84ac108c2271d30c7aa7010376acf2a832
NeoBundleLock vim-rails 860e4a84ac108c2271d30c7aa7010376acf2a832
NeoBundleLock vimfiler 860e4a84ac108c2271d30c7aa7010376acf2a832
NeoBundleLock vimproc c286dcbdfca9e0ee1a4cb90f09c3f03638112f5a
